
Microsoft Visual Studio Solution File, Format Version 12.00
# Visual Studio Version 17
VisualStudioVersion = 17.6.33829.357
MinimumVisualStudioVersion = 10.0.40219.1
Project("{9A19103F-16F7-4668-BE54-9A1E7A4F7556}") = "WebApp-BoardBulletin", "WebApp-BoardBulletin\WebApp-BoardBulletin.csproj", "{6C6DB093-7314-42DC-BD21-71F2E9D0B738}"
EndProject
Project("{9A19103F-16F7-4668-BE54-9A1E7A4F7556}") = "Dashboard.Hosts.Api", "WebApp-BoardBulletin\src\Dashboard\Hosts\Dashboard.Hosts.Api\Dashboard.Hosts.Api.csproj", "{65484CE8-3A1F-4CFD-8D07-C0A9065D9236}"
EndProject
Project("{2150E333-8FDC-42A3-9474-1A3956D46DE8}") = "src", "src", "{B928B83C-EA92-4277-852B-A9FBE2AE8510}"
EndProject
Project("{2150E333-8FDC-42A3-9474-1A3956D46DE8}") = "Dashboard", "Dashboard", "{6989C54D-1BD5-4997-8993-F75C2AA7B095}"
EndProject
Project("{2150E333-8FDC-42A3-9474-1A3956D46DE8}") = "Hosts", "Hosts", "{F7C538BD-66D2-4223-BD7B-C362B9BC1AE9}"
EndProject
Project("{2150E333-8FDC-42A3-9474-1A3956D46DE8}") = "Application", "Application", "{FF1DAD24-D185-4D6F-8C1D-A1AD9500BB0F}"
EndProject
Project("{2150E333-8FDC-42A3-9474-1A3956D46DE8}") = "Clients", "Clients", "{16E7A09E-C67D-413B-8D21-717B0AB4896E}"
EndProject
Project("{2150E333-8FDC-42A3-9474-1A3956D46DE8}") = "Contracts", "Contracts", "{43F22A5E-A08C-4B37-8148-16EE7BAFE1A0}"
EndProject
Project("{2150E333-8FDC-42A3-9474-1A3956D46DE8}") = "Domain", "Domain", "{CF06CC36-5DF5-4E0F-B7F1-8F1D65E4040C}"
EndProject
Project("{2150E333-8FDC-42A3-9474-1A3956D46DE8}") = "Infrastructure", "Infrastructure", "{CEE8919A-2C6D-4717-BCC4-59DB2173E321}"
EndProject
Project("{9A19103F-16F7-4668-BE54-9A1E7A4F7556}") = "Dashboard.Domain", "WebApp-BoardBulletin\src\Dashboard\Domain\Dashboard.Domain\Dashboard.Domain.csproj", "{4A2A3D2C-62BD-4F4C-B5FB-BAD026E16403}"
EndProject
Project("{9A19103F-16F7-4668-BE54-9A1E7A4F7556}") = "Dashboard.Contracts", "WebApp-BoardBulletin\src\Dashboard\Contracts\Dashboard.Contracts\Dashboard.Contracts.csproj", "{76E32729-440B-4AEB-9762-86DE07C3455B}"
EndProject
Project("{9A19103F-16F7-4668-BE54-9A1E7A4F7556}") = "Dashboard.Clients", "WebApp-BoardBulletin\src\Dashboard\Clients\Dashboard.Clients\Dashboard.Clients.csproj", "{D3DD1A54-2844-4A76-B2D1-22EEBD0E5A60}"
EndProject
Project("{9A19103F-16F7-4668-BE54-9A1E7A4F7556}") = "Dashboard.Application.AppServices", "WebApp-BoardBulletin\src\Dashboard\Application\Dashboard.Application.AppServices\Dashboard.Application.AppServices.csproj", "{B95D8D90-7352-4A9D-A608-A82E7D8BD32B}"
EndProject
Project("{9A19103F-16F7-4668-BE54-9A1E7A4F7556}") = "Dashboard.Infrastructure.DataAccess", "WebApp-BoardBulletin\src\Dashboard\Infrastructure\Dashboard.Infrastructure.DataAccess\Dashboard.Infrastructure.DataAccess.csproj", "{28E6D6CA-C3E4-47B1-A711-53C5E49B3C36}"
EndProject
Project("{9A19103F-16F7-4668-BE54-9A1E7A4F7556}") = "Dashboard.Infrastructure", "WebApp-BoardBulletin\src\Dashboard\Infrastructure\Dashboard.Infrastructure\Dashboard.Infrastructure.csproj", "{387E1D16-6F59-494E-9AD0-80204641455C}"
EndProject
Project("{9A19103F-16F7-4668-BE54-9A1E7A4F7556}") = "Dashboard.Infrastructure.ComponentRegistrar", "WebApp-BoardBulletin\src\Dashboard\Infrastructure\Dashboard.Infrastructure.ComponentRegistrar\Dashboard.Infrastructure.ComponentRegistrar.csproj", "{F253B46E-18D4-4F5B-896B-7087A5975280}"
EndProject
Global
	GlobalSection(SolutionConfigurationPlatforms) = preSolution
		Debug|Any CPU = Debug|Any CPU
		Release|Any CPU = Release|Any CPU
	EndGlobalSection
	GlobalSection(ProjectConfigurationPlatforms) = postSolution
		{6C6DB093-7314-42DC-BD21-71F2E9D0B738}.Debug|Any CPU.ActiveCfg = Debug|Any CPU
		{6C6DB093-7314-42DC-BD21-71F2E9D0B738}.Debug|Any CPU.Build.0 = Debug|Any CPU
		{6C6DB093-7314-42DC-BD21-71F2E9D0B738}.Release|Any CPU.ActiveCfg = Release|Any CPU
		{6C6DB093-7314-42DC-BD21-71F2E9D0B738}.Release|Any CPU.Build.0 = Release|Any CPU
		{65484CE8-3A1F-4CFD-8D07-C0A9065D9236}.Debug|Any CPU.ActiveCfg = Debug|Any CPU
		{65484CE8-3A1F-4CFD-8D07-C0A9065D9236}.Debug|Any CPU.Build.0 = Debug|Any CPU
		{65484CE8-3A1F-4CFD-8D07-C0A9065D9236}.Release|Any CPU.ActiveCfg = Release|Any CPU
		{65484CE8-3A1F-4CFD-8D07-C0A9065D9236}.Release|Any CPU.Build.0 = Release|Any CPU
		{4A2A3D2C-62BD-4F4C-B5FB-BAD026E16403}.Debug|Any CPU.ActiveCfg = Debug|Any CPU
		{4A2A3D2C-62BD-4F4C-B5FB-BAD026E16403}.Debug|Any CPU.Build.0 = Debug|Any CPU
		{4A2A3D2C-62BD-4F4C-B5FB-BAD026E16403}.Release|Any CPU.ActiveCfg = Release|Any CPU
		{4A2A3D2C-62BD-4F4C-B5FB-BAD026E16403}.Release|Any CPU.Build.0 = Release|Any CPU
		{76E32729-440B-4AEB-9762-86DE07C3455B}.Debug|Any CPU.ActiveCfg = Debug|Any CPU
		{76E32729-440B-4AEB-9762-86DE07C3455B}.Debug|Any CPU.Build.0 = Debug|Any CPU
		{76E32729-440B-4AEB-9762-86DE07C3455B}.Release|Any CPU.ActiveCfg = Release|Any CPU
		{76E32729-440B-4AEB-9762-86DE07C3455B}.Release|Any CPU.Build.0 = Release|Any CPU
		{D3DD1A54-2844-4A76-B2D1-22EEBD0E5A60}.Debug|Any CPU.ActiveCfg = Debug|Any CPU
		{D3DD1A54-2844-4A76-B2D1-22EEBD0E5A60}.Debug|Any CPU.Build.0 = Debug|Any CPU
		{D3DD1A54-2844-4A76-B2D1-22EEBD0E5A60}.Release|Any CPU.ActiveCfg = Release|Any CPU
		{D3DD1A54-2844-4A76-B2D1-22EEBD0E5A60}.Release|Any CPU.Build.0 = Release|Any CPU
		{B95D8D90-7352-4A9D-A608-A82E7D8BD32B}.Debug|Any CPU.ActiveCfg = Debug|Any CPU
		{B95D8D90-7352-4A9D-A608-A82E7D8BD32B}.Debug|Any CPU.Build.0 = Debug|Any CPU
		{B95D8D90-7352-4A9D-A608-A82E7D8BD32B}.Release|Any CPU.ActiveCfg = Release|Any CPU
		{B95D8D90-7352-4A9D-A608-A82E7D8BD32B}.Release|Any CPU.Build.0 = Release|Any CPU
		{28E6D6CA-C3E4-47B1-A711-53C5E49B3C36}.Debug|Any CPU.ActiveCfg = Debug|Any CPU
		{28E6D6CA-C3E4-47B1-A711-53C5E49B3C36}.Debug|Any CPU.Build.0 = Debug|Any CPU
		{28E6D6CA-C3E4-47B1-A711-53C5E49B3C36}.Release|Any CPU.ActiveCfg = Release|Any CPU
		{28E6D6CA-C3E4-47B1-A711-53C5E49B3C36}.Release|Any CPU.Build.0 = Release|Any CPU
		{387E1D16-6F59-494E-9AD0-80204641455C}.Debug|Any CPU.ActiveCfg = Debug|Any CPU
		{387E1D16-6F59-494E-9AD0-80204641455C}.Debug|Any CPU.Build.0 = Debug|Any CPU
		{387E1D16-6F59-494E-9AD0-80204641455C}.Release|Any CPU.ActiveCfg = Release|Any CPU
		{387E1D16-6F59-494E-9AD0-80204641455C}.Release|Any CPU.Build.0 = Release|Any CPU
		{F253B46E-18D4-4F5B-896B-7087A5975280}.Debug|Any CPU.ActiveCfg = Debug|Any CPU
		{F253B46E-18D4-4F5B-896B-7087A5975280}.Debug|Any CPU.Build.0 = Debug|Any CPU
		{F253B46E-18D4-4F5B-896B-7087A5975280}.Release|Any CPU.ActiveCfg = Release|Any CPU
		{F253B46E-18D4-4F5B-896B-7087A5975280}.Release|Any CPU.Build.0 = Release|Any CPU
	EndGlobalSection
	GlobalSection(SolutionProperties) = preSolution
		HideSolutionNode = FALSE
	EndGlobalSection
	GlobalSection(NestedProjects) = preSolution
		{65484CE8-3A1F-4CFD-8D07-C0A9065D9236} = {F7C538BD-66D2-4223-BD7B-C362B9BC1AE9}
		{6989C54D-1BD5-4997-8993-F75C2AA7B095} = {B928B83C-EA92-4277-852B-A9FBE2AE8510}
		{F7C538BD-66D2-4223-BD7B-C362B9BC1AE9} = {6989C54D-1BD5-4997-8993-F75C2AA7B095}
		{FF1DAD24-D185-4D6F-8C1D-A1AD9500BB0F} = {6989C54D-1BD5-4997-8993-F75C2AA7B095}
		{16E7A09E-C67D-413B-8D21-717B0AB4896E} = {6989C54D-1BD5-4997-8993-F75C2AA7B095}
		{43F22A5E-A08C-4B37-8148-16EE7BAFE1A0} = {6989C54D-1BD5-4997-8993-F75C2AA7B095}
		{CF06CC36-5DF5-4E0F-B7F1-8F1D65E4040C} = {6989C54D-1BD5-4997-8993-F75C2AA7B095}
		{CEE8919A-2C6D-4717-BCC4-59DB2173E321} = {6989C54D-1BD5-4997-8993-F75C2AA7B095}
		{4A2A3D2C-62BD-4F4C-B5FB-BAD026E16403} = {CF06CC36-5DF5-4E0F-B7F1-8F1D65E4040C}
		{76E32729-440B-4AEB-9762-86DE07C3455B} = {43F22A5E-A08C-4B37-8148-16EE7BAFE1A0}
		{D3DD1A54-2844-4A76-B2D1-22EEBD0E5A60} = {16E7A09E-C67D-413B-8D21-717B0AB4896E}
		{B95D8D90-7352-4A9D-A608-A82E7D8BD32B} = {FF1DAD24-D185-4D6F-8C1D-A1AD9500BB0F}
		{28E6D6CA-C3E4-47B1-A711-53C5E49B3C36} = {CEE8919A-2C6D-4717-BCC4-59DB2173E321}
		{387E1D16-6F59-494E-9AD0-80204641455C} = {CEE8919A-2C6D-4717-BCC4-59DB2173E321}
		{F253B46E-18D4-4F5B-896B-7087A5975280} = {CEE8919A-2C6D-4717-BCC4-59DB2173E321}
	EndGlobalSection
	GlobalSection(ExtensibilityGlobals) = postSolution
		SolutionGuid = {C3C5D1C8-0360-47A5-8F44-0DFB4F96A859}
	EndGlobalSection
EndGlobal
